// !$*UTF8*$!
{
	archiveVersion = 1;
	classes = {
	};
	objectVersion = 55;
	objects = {

/* Begin PBXBuildFile section */
		1F20775A2A653E1800876B92 /* FlickrPhotoCollectionViewCell.swift in Sources */ = {isa = PBXBuildFile; fileRef = 1F2077582A653E1800876B92 /* FlickrPhotoCollectionViewCell.swift */; };
		1F20775B2A653E1800876B92 /* FlickrPhotoCollectionViewCell.xib in Resources */ = {isa = PBXBuildFile; fileRef = 1F2077592A653E1800876B92 /* FlickrPhotoCollectionViewCell.xib */; };
		1F20775E2A654CB800876B92 /* SDWebImage in Frameworks */ = {isa = PBXBuildFile; productRef = 1F20775D2A654CB800876B92 /* SDWebImage */; };
		1F2077602A654CB800876B92 /* SDWebImageMapKit in Frameworks */ = {isa = PBXBuildFile; productRef = 1F20775F2A654CB800876B92 /* SDWebImageMapKit */; };
		1F2077632A654D1200876B92 /* SDWebImage in Frameworks */ = {isa = PBXBuildFile; productRef = 1F2077622A654D1200876B92 /* SDWebImage */; };
		1FAF93322A651F5000BDC861 /* AppDelegate.swift in Sources */ = {isa = PBXBuildFile; fileRef = 1FAF93312A651F5000BDC861 /* AppDelegate.swift */; };
		1FAF93342A651F5000BDC861 /* SceneDelegate.swift in Sources */ = {isa = PBXBuildFile; fileRef = 1FAF93332A651F5000BDC861 /* SceneDelegate.swift */; };
		1FAF93392A651F5000BDC861 /* Main.storyboard in Resources */ = {isa = PBXBuildFile; fileRef = 1FAF93372A651F5000BDC861 /* Main.storyboard */; };
		1FAF933B2A651F5400BDC861 /* Assets.xcassets in Resources */ = {isa = PBXBuildFile; fileRef = 1FAF933A2A651F5400BDC861 /* Assets.xcassets */; };
		1FAF933E2A651F5400BDC861 /* LaunchScreen.storyboard in Resources */ = {isa = PBXBuildFile; fileRef = 1FAF933C2A651F5400BDC861 /* LaunchScreen.storyboard */; };
		1FAF934D2A651FFE00BDC861 /* FlickrSearchViewController.swift in Sources */ = {isa = PBXBuildFile; fileRef = 1FAF934C2A651FFE00BDC861 /* FlickrSearchViewController.swift */; };
		1FAF934F2A65204400BDC861 /* Constants.swift in Sources */ = {isa = PBXBuildFile; fileRef = 1FAF934E2A65204400BDC861 /* Constants.swift */; };
		1FAF93552A65222100BDC861 /* FlickrSearchResults.swift in Sources */ = {isa = PBXBuildFile; fileRef = 1FAF93542A65222100BDC861 /* FlickrSearchResults.swift */; };
		1FAF93582A6522AA00BDC861 /* FlickrViewModel.swift in Sources */ = {isa = PBXBuildFile; fileRef = 1FAF93572A6522AA00BDC861 /* FlickrViewModel.swift */; };
		1FAF935A2A65234E00BDC861 /* FlickrSearchService.swift in Sources */ = {isa = PBXBuildFile; fileRef = 1FAF93592A65234E00BDC861 /* FlickrSearchService.swift */; };
		1FAF935C2A65238300BDC861 /* FlickrRequestConfig.swift in Sources */ = {isa = PBXBuildFile; fileRef = 1FAF935B2A65238300BDC861 /* FlickrRequestConfig.swift */; };
		1FAF935E2A6523BE00BDC861 /* Request.swift in Sources */ = {isa = PBXBuildFile; fileRef = 1FAF935D2A6523BE00BDC861 /* Request.swift */; };
		1FAF93602A65240600BDC861 /* NetworkManager.swift in Sources */ = {isa = PBXBuildFile; fileRef = 1FAF935F2A65240600BDC861 /* NetworkManager.swift */; };
/* End PBXBuildFile section */

/* Begin PBXFileReference section */
		1F2077582A653E1800876B92 /* FlickrPhotoCollectionViewCell.swift */ = {isa = PBXFileReference; lastKnownFileType = sourcecode.swift; path = FlickrPhotoCollectionViewCell.swift; sourceTree = "<group>"; };
		1F2077592A653E1800876B92 /* FlickrPhotoCollectionViewCell.xib */ = {isa = PBXFileReference; lastKnownFileType = file.xib; path = FlickrPhotoCollectionViewCell.xib; sourceTree = "<group>"; };
		1FAF932E2A651F5000BDC861 /* FlickrChallenge.app */ = {isa = PBXFileReference; explicitFileType = wrapper.application; includeInIndex = 0; path = FlickrChallenge.app; sourceTree = BUILT_PRODUCTS_DIR; };
		1FAF93312A651F5000BDC861 /* AppDelegate.swift */ = {isa = PBXFileReference; lastKnownFileType = sourcecode.swift; path = AppDelegate.swift; sourceTree = "<group>"; };
		1FAF93332A651F5000BDC861 /* SceneDelegate.swift */ = {isa = PBXFileReference; lastKnownFileType = sourcecode.swift; path = SceneDelegate.swift; sourceTree = "<group>"; };
		1FAF93382A651F5000BDC861 /* Base */ = {isa = PBXFileReference; lastKnownFileType = file.storyboard; name = Base; path = Base.lproj/Main.storyboard; sourceTree = "<group>"; };
		1FAF933A2A651F5400BDC861 /* Assets.xcassets */ = {isa = PBXFileReference; lastKnownFileType = folder.assetcatalog; path = Assets.xcassets; sourceTree = "<group>"; };
		1FAF933D2A651F5400BDC861 /* Base */ = {isa = PBXFileReference; lastKnownFileType = file.storyboard; name = Base; path = Base.lproj/LaunchScreen.storyboard; sourceTree = "<group>"; };
		1FAF933F2A651F5400BDC861 /* Info.plist */ = {isa = PBXFileReference; lastKnownFileType = text.plist.xml; path = Info.plist; sourceTree = "<group>"; };
		1FAF934C2A651FFE00BDC861 /* FlickrSearchViewController.swift */ = {isa = PBXFileReference; lastKnownFileType = sourcecode.swift; path = FlickrSearchViewController.swift; sourceTree = "<group>"; };
		1FAF934E2A65204400BDC861 /* Constants.swift */ = {isa = PBXFileReference; lastKnownFileType = sourcecode.swift; path = Constants.swift; sourceTree = "<group>"; };
		1FAF93542A65222100BDC861 /* FlickrSearchResults.swift */ = {isa = PBXFileReference; lastKnownFileType = sourcecode.swift; path = FlickrSearchResults.swift; sourceTree = "<group>"; };
		1FAF93572A6522AA00BDC861 /* FlickrViewModel.swift */ = {isa = PBXFileReference; lastKnownFileType = sourcecode.swift; path = FlickrViewModel.swift; sourceTree = "<group>"; };
		1FAF93592A65234E00BDC861 /* FlickrSearchService.swift */ = {isa = PBXFileReference; lastKnownFileType = sourcecode.swift; path = FlickrSearchService.swift; sourceTree = "<group>"; };
		1FAF935B2A65238300BDC861 /* FlickrRequestConfig.swift */ = {isa = PBXFileReference; lastKnownFileType = sourcecode.swift; path = FlickrRequestConfig.swift; sourceTree = "<group>"; };
		1FAF935D2A6523BE00BDC861 /* Request.swift */ = {isa = PBXFileReference; lastKnownFileType = sourcecode.swift; path = Request.swift; sourceTree = "<group>"; };
		1FAF935F2A65240600BDC861 /* NetworkManager.swift */ = {isa = PBXFileReference; lastKnownFileType = sourcecode.swift; path = NetworkManager.swift; sourceTree = "<group>"; };
/* End PBXFileReference section */

/* Begin PBXFrameworksBuildPhase section */
		1FAF932B2A651F5000BDC861 /* Frameworks */ = {
			isa = PBXFrameworksBuildPhase;
			buildActionMask = 2147483647;
			files = (
				1F2077632A654D1200876B92 /* SDWebImage in Frameworks */,
				1F2077602A654CB800876B92 /* SDWebImageMapKit in Frameworks */,
				1F20775E2A654CB800876B92 /* SDWebImage in Frameworks */,
			);
			runOnlyForDeploymentPostprocessing = 0;
		};
/* End PBXFrameworksBuildPhase section */

/* Begin PBXGroup section */
		1FAF93252A651F5000BDC861 = {
			isa = PBXGroup;
			children = (
				1FAF93302A651F5000BDC861 /* FlickrChallenge */,
				1FAF932F2A651F5000BDC861 /* Products */,
			);
			sourceTree = "<group>";
		};
		1FAF932F2A651F5000BDC861 /* Products */ = {
			isa = PBXGroup;
			children = (
				1FAF932E2A651F5000BDC861 /* FlickrChallenge.app */,
			);
			name = Products;
			sourceTree = "<group>";
		};
		1FAF93302A651F5000BDC861 /* FlickrChallenge */ = {
			isa = PBXGroup;
			children = (
				1FAF93452A651F7F00BDC861 /* FlickerSearch */,
				1FAF93312A651F5000BDC861 /* AppDelegate.swift */,
				1FAF93332A651F5000BDC861 /* SceneDelegate.swift */,
				1FAF93372A651F5000BDC861 /* Main.storyboard */,
				1FAF933A2A651F5400BDC861 /* Assets.xcassets */,
				1FAF933C2A651F5400BDC861 /* LaunchScreen.storyboard */,
				1FAF933F2A651F5400BDC861 /* Info.plist */,
				1F2077582A653E1800876B92 /* FlickrPhotoCollectionViewCell.swift */,
				1F2077592A653E1800876B92 /* FlickrPhotoCollectionViewCell.xib */,
			);
			path = FlickrChallenge;
			sourceTree = "<group>";
		};
		1FAF93452A651F7F00BDC861 /* FlickerSearch */ = {
			isa = PBXGroup;
			children = (
				1FAF934B2A651FD700BDC861 /* NetworkManager */,
				1FAF934A2A651FCE00BDC861 /* Services */,
				1FAF93492A651FC500BDC861 /* Controllers */,
				1FAF93482A651FBD00BDC861 /* Models */,
				1FAF93472A651FB500BDC861 /* Constants */,
				1FAF93462A651FAC00BDC861 /* ViewModels */,
				1FAF935B2A65238300BDC861 /* FlickrRequestConfig.swift */,
				1FAF935D2A6523BE00BDC861 /* Request.swift */,
			);
			path = FlickerSearch;
			sourceTree = "<group>";
		};
		1FAF93462A651FAC00BDC861 /* ViewModels */ = {
			isa = PBXGroup;
			children = (
				1FAF93572A6522AA00BDC861 /* FlickrViewModel.swift */,
			);
			path = ViewModels;
			sourceTree = "<group>";
		};
		1FAF93472A651FB500BDC861 /* Constants */ = {
			isa = PBXGroup;
			children = (
				1FAF934E2A65204400BDC861 /* Constants.swift */,
			);
			path = Constants;
			sourceTree = "<group>";
		};
		1FAF93482A651FBD00BDC861 /* Models */ = {
			isa = PBXGroup;
			children = (
				1FAF93542A65222100BDC861 /* FlickrSearchResults.swift */,
			);
			path = Models;
			sourceTree = "<group>";
		};
		1FAF93492A651FC500BDC861 /* Controllers */ = {
			isa = PBXGroup;
			children = (
				1FAF934C2A651FFE00BDC861 /* FlickrSearchViewController.swift */,
			);
			path = Controllers;
			sourceTree = "<group>";
		};
		1FAF934A2A651FCE00BDC861 /* Services */ = {
			isa = PBXGroup;
			children = (
				1FAF93592A65234E00BDC861 /* FlickrSearchService.swift */,
			);
			path = Services;
			sourceTree = "<group>";
		};
		1FAF934B2A651FD700BDC861 /* NetworkManager */ = {
			isa = PBXGroup;
			children = (
				1FAF935F2A65240600BDC861 /* NetworkManager.swift */,
			);
			path = NetworkManager;
			sourceTree = "<group>";
		};
/* End PBXGroup section */

/* Begin PBXNativeTarget section */
		1FAF932D2A651F5000BDC861 /* FlickrChallenge */ = {
			isa = PBXNativeTarget;
			buildConfigurationList = 1FAF93422A651F5400BDC861 /* Build configuration list for PBXNativeTarget "FlickrChallenge" */;
			buildPhases = (
				1FAF932A2A651F5000BDC861 /* Sources */,
				1FAF932B2A651F5000BDC861 /* Frameworks */,
				1FAF932C2A651F5000BDC861 /* Resources */,
			);
			buildRules = (
			);
			dependencies = (
			);
			name = FlickrChallenge;
			packageProductDependencies = (
				1F20775D2A654CB800876B92 /* SDWebImage */,
				1F20775F2A654CB800876B92 /* SDWebImageMapKit */,
				1F2077622A654D1200876B92 /* SDWebImage */,
			);
			productName = FlickrChallenge;
			productReference = 1FAF932E2A651F5000BDC861 /* FlickrChallenge.app */;
			productType = "com.apple.product-type.application";
		};
/* End PBXNativeTarget section */

/* Begin PBXProject section */
		1FAF93262A651F5000BDC861 /* Project object */ = {
			isa = PBXProject;
			attributes = {
				BuildIndependentTargetsInParallel = 1;
				LastSwiftUpdateCheck = 1340;
				LastUpgradeCheck = 1340;
				TargetAttributes = {
					1FAF932D2A651F5000BDC861 = {
						CreatedOnToolsVersion = 13.4.1;
					};
				};
			};
			buildConfigurationList = 1FAF93292A651F5000BDC861 /* Build configuration list for PBXProject "FlickrChallenge" */;
			compatibilityVersion = "Xcode 13.0";
			developmentRegion = en;
			hasScannedForEncodings = 0;
			knownRegions = (
				en,
				Base,
			);
			mainGroup = 1FAF93252A651F5000BDC861;
			packageReferences = (
				1F20775C2A654CB800876B92 /* XCRemoteSwiftPackageReference "SDWebImage" */,
				1F2077612A654D1200876B92 /* XCRemoteSwiftPackageReference "SDWebImage" */,
			);
			productRefGroup = 1FAF932F2A651F5000BDC861 /* Products */;
			projectDirPath = "";
			projectRoot = "";
			targets = (
				1FAF932D2A651F5000BDC861 /* FlickrChallenge */,
			);
		};
/* End PBXProject section */

/* Begin PBXResourcesBuildPhase section */
		1FAF932C2A651F5000BDC861 /* Resources */ = {
			isa = PBXResourcesBuildPhase;
			buildActionMask = 2147483647;
			files = (
				1FAF933E2A651F5400BDC861 /* LaunchScreen.storyboard in Resources */,
				1FAF933B2A651F5400BDC861 /* Assets.xcassets in Resources */,
				1F20775B2A653E1800876B92 /* FlickrPhotoCollectionViewCell.xib in Resources */,
				1FAF93392A651F5000BDC861 /* Main.storyboard in Resources */,
			);
			runOnlyForDeploymentPostprocessing = 0;
		};
/* End PBXResourcesBuildPhase section */

/* Begin PBXSourcesBuildPhase section */
		1FAF932A2A651F5000BDC861 /* Sources */ = {
			isa = PBXSourcesBuildPhase;
			buildActionMask = 2147483647;
			files = (
				1FAF934F2A65204400BDC861 /* Constants.swift in Sources */,
				1FAF935E2A6523BE00BDC861 /* Request.swift in Sources */,
				1FAF935C2A65238300BDC861 /* FlickrRequestConfig.swift in Sources */,
				1FAF93602A65240600BDC861 /* NetworkManager.swift in Sources */,
				1FAF93582A6522AA00BDC861 /* FlickrViewModel.swift in Sources */,
				1FAF935A2A65234E00BDC861 /* FlickrSearchService.swift in Sources */,
				1FAF93322A651F5000BDC861 /* AppDelegate.swift in Sources */,
				1FAF934D2A651FFE00BDC861 /* FlickrSearchViewController.swift in Sources */,
				1FAF93342A651F5000BDC861 /* SceneDelegate.swift in Sources */,
				1F20775A2A653E1800876B92 /* FlickrPhotoCollectionViewCell.swift in Sources */,
				1FAF93552A65222100BDC861 /* FlickrSearchResults.swift in Sources */,
			);
			runOnlyForDeploymentPostprocessing = 0;
		};
/* End PBXSourcesBuildPhase section */

/* Begin PBXVariantGroup section */
		1FAF93372A651F5000BDC861 /* Main.storyboard */ = {
			isa = PBXVariantGroup;
			children = (
				1FAF93382A651F5000BDC861 /* Base */,
			);
			name = Main.storyboard;
			sourceTree = "<group>";
		};
		1FAF933C2A651F5400BDC861 /* LaunchScreen.storyboard */ = {
			isa = PBXVariantGroup;
			children = (
				1FAF933D2A651F5400BDC861 /* Base */,
			);
			name = LaunchScreen.storyboard;
			sourceTree = "<group>";
		};
/* End PBXVariantGroup section */

/* Begin XCBuildConfiguration section */
		1FAF93402A651F5400BDC861 /* Debug */ = {
			isa = XCBuildConfiguration;
			buildSettings = {
				ALWAYS_SEARCH_USER_PATHS = NO;
				CLANG_ANALYZER_NONNULL = YES;
				CLANG_ANALYZER_NUMBER_OBJECT_CONVERSION = YES_AGGRESSIVE;
				CLANG_CXX_LANGUAGE_STANDARD = "gnu++17";
				CLANG_ENABLE_MODULES = YES;
				CLANG_ENABLE_OBJC_ARC = YES;
				CLANG_ENABLE_OBJC_WEAK = YES;
				CLANG_WARN_BLOCK_CAPTURE_AUTORELEASING = YES;
				CLANG_WARN_BOOL_CONVERSION = YES;
				CLANG_WARN_COMMA = YES;
				CLANG_WARN_CONSTANT_CONVERSION = YES;
				CLANG_WARN_DEPRECATED_OBJC_IMPLEMENTATIONS = YES;
				CLANG_WARN_DIRECT_OBJC_ISA_USAGE = YES_ERROR;
				CLANG_WARN_DOCUMENTATION_COMMENTS = YES;
				CLANG_WARN_EMPTY_BODY = YES;
				CLANG_WARN_ENUM_CONVERSION = YES;
				CLANG_WARN_INFINITE_RECURSION = YES;
				CLANG_WARN_INT_CONVERSION = YES;
				CLANG_WARN_NON_LITERAL_NULL_CONVERSION = YES;
				CLANG_WARN_OBJC_IMPLICIT_RETAIN_SELF = YES;
				CLANG_WARN_OBJC_LITERAL_CONVERSION = YES;
				CLANG_WARN_OBJC_ROOT_CLASS = YES_ERROR;
				CLANG_WARN_QUOTED_INCLUDE_IN_FRAMEWORK_HEADER = YES;
				CLANG_WARN_RANGE_LOOP_ANALYSIS = YES;
				CLANG_WARN_STRICT_PROTOTYPES = YES;
				CLANG_WARN_SUSPICIOUS_MOVE = YES;
				CLANG_WARN_UNGUARDED_AVAILABILITY = YES_AGGRESSIVE;
				CLANG_WARN_UNREACHABLE_CODE = YES;
				CLANG_WARN__DUPLICATE_METHOD_MATCH = YES;
				COPY_PHASE_STRIP = NO;
				DEBUG_INFORMATION_FORMAT = dwarf;
				ENABLE_STRICT_OBJC_MSGSEND = YES;
				ENABLE_TESTABILITY = YES;
				GCC_C_LANGUAGE_STANDARD = gnu11;
				GCC_DYNAMIC_NO_PIC = NO;
				GCC_NO_COMMON_BLOCKS = YES;
				GCC_OPTIMIZATION_LEVEL = 0;
				GCC_PREPROCESSOR_DEFINITIONS = (
					"DEBUG=1",
					"$(inherited)",
				);
				GCC_WARN_64_TO_32_BIT_CONVERSION = YES;
				GCC_WARN_ABOUT_RETURN_TYPE = YES_ERROR;
				GCC_WARN_UNDECLARED_SELECTOR = YES;
				GCC_WARN_UNINITIALIZED_AUTOS = YES_AGGRESSIVE;
				GCC_WARN_UNUSED_FUNCTION = YES;
				GCC_WARN_UNUSED_VARIABLE = YES;
				IPHONEOS_DEPLOYMENT_TARGET = 15.5;
				MTL_ENABLE_DEBUG_INFO = INCLUDE_SOURCE;
				MTL_FAST_MATH = YES;
				ONLY_ACTIVE_ARCH = YES;
				SDKROOT = iphoneos;
				SWIFT_ACTIVE_COMPILATION_CONDITIONS = DEBUG;
				SWIFT_OPTIMIZATION_LEVEL = "-Onone";
			};
			name = Debug;
		};
		1FAF93412A651F5400BDC861 /* Release */ = {
			isa = XCBuildConfiguration;
			buildSettings = {
				ALWAYS_SEARCH_USER_PATHS = NO;
				CLANG_ANALYZER_NONNULL = YES;
				CLANG_ANALYZER_NUMBER_OBJECT_CONVERSION = YES_AGGRESSIVE;
				CLANG_CXX_LANGUAGE_STANDARD = "gnu++17";
				CLANG_ENABLE_MODULES = YES;
				CLANG_ENABLE_OBJC_ARC = YES;
				CLANG_ENABLE_OBJC_WEAK = YES;
				CLANG_WARN_BLOCK_CAPTURE_AUTORELEASING = YES;
				CLANG_WARN_BOOL_CONVERSION = YES;
				CLANG_WARN_COMMA = YES;
				CLANG_WARN_CONSTANT_CONVERSION = YES;
				CLANG_WARN_DEPRECATED_OBJC_IMPLEMENTATIONS = YES;
				CLANG_WARN_DIRECT_OBJC_ISA_USAGE = YES_ERROR;
				CLANG_WARN_DOCUMENTATION_COMMENTS = YES;
				CLANG_WARN_EMPTY_BODY = YES;
				CLANG_WARN_ENUM_CONVERSION = YES;
				CLANG_WARN_INFINITE_RECURSION = YES;
				CLANG_WARN_INT_CONVERSION = YES;
				CLANG_WARN_NON_LITERAL_NULL_CONVERSION = YES;
				CLANG_WARN_OBJC_IMPLICIT_RETAIN_SELF = YES;
				CLANG_WARN_OBJC_LITERAL_CONVERSION = YES;
				CLANG_WARN_OBJC_ROOT_CLASS = YES_ERROR;
				CLANG_WARN_QUOTED_INCLUDE_IN_FRAMEWORK_HEADER = YES;
				CLANG_WARN_RANGE_LOOP_ANALYSIS = YES;
				CLANG_WARN_STRICT_PROTOTYPES = YES;
				CLANG_WARN_SUSPICIOUS_MOVE = YES;
				CLANG_WARN_UNGUARDED_AVAILABILITY = YES_AGGRESSIVE;
				CLANG_WARN_UNREACHABLE_CODE = YES;
				CLANG_WARN__DUPLICATE_METHOD_MATCH = YES;
				COPY_PHASE_STRIP = NO;
				DEBUG_INFORMATION_FORMAT = "dwarf-with-dsym";
				ENABLE_NS_ASSERTIONS = NO;
				ENABLE_STRICT_OBJC_MSGSEND = YES;
				GCC_C_LANGUAGE_STANDARD = gnu11;
				GCC_NO_COMMON_BLOCKS = YES;
				GCC_WARN_64_TO_32_BIT_CONVERSION = YES;
				GCC_WARN_ABOUT_RETURN_TYPE = YES_ERROR;
				GCC_WARN_UNDECLARED_SELECTOR = YES;
				GCC_WARN_UNINITIALIZED_AUTOS = YES_AGGRESSIVE;
				GCC_WARN_UNUSED_FUNCTION = YES;
				GCC_WARN_UNUSED_VARIABLE = YES;
				IPHONEOS_DEPLOYMENT_TARGET = 15.5;
				MTL_ENABLE_DEBUG_INFO = NO;
				MTL_FAST_MATH = YES;
				SDKROOT = iphoneos;
				SWIFT_COMPILATION_MODE = wholemodule;
				SWIFT_OPTIMIZATION_LEVEL = "-O";
				VALIDATE_PRODUCT = YES;
			};
			name = Release;
		};
		1FAF93432A651F5400BDC861 /* Debug */ = {
			isa = XCBuildConfiguration;
			buildSettings = {
				ASSETCATALOG_COMPILER_APPICON_NAME = AppIcon;
				ASSETCATALOG_COMPILER_GLOBAL_ACCENT_COLOR_NAME = AccentColor;
				CODE_SIGN_STYLE = Automatic;
				CURRENT_PROJECT_VERSION = 1;
				DEVELOPMENT_TEAM = 5828EJ5HNE;
				GENERATE_INFOPLIST_FILE = YES;
				INFOPLIST_FILE = FlickrChallenge/Info.plist;
				INFOPLIST_KEY_UIApplicationSupportsIndirectInputEvents = YES;
				INFOPLIST_KEY_UILaunchStoryboardName = LaunchScreen;
				INFOPLIST_KEY_UIMainStoryboardFile = Main;
				INFOPLIST_KEY_UISupportedInterfaceOrientations_iPad = "UIInterfaceOrientationPortrait UIInterfaceOrientationPortraitUpsideDown UIInterfaceOrientationLandscapeLeft UIInterfaceOrientationLandscapeRight";
				INFOPLIST_KEY_UISupportedInterfaceOrientations_iPhone = "UIInterfaceOrientationPortrait UIInterfaceOrientationLandscapeLeft UIInterfaceOrientationLandscapeRight";
				LD_RUNPATH_SEARCH_PATHS = (
					"$(inherited)",
					"@executable_path/Frameworks",
				);
				MARKETING_VERSION = 1.0;
				PRODUCT_BUNDLE_IDENTIFIER = com.ganesh.FlickrChallenge;
				PRODUCT_NAME = "$(TARGET_NAME)";
				SWIFT_EMIT_LOC_STRINGS = YES;
				SWIFT_VERSION = 5.0;
				TARGETED_DEVICE_FAMILY = "1,2";
			};
			name = Debug;
		};
		1FAF93442A651F5400BDC861 /* Release */ = {
			isa = XCBuildConfiguration;
			buildSettings = {
				ASSETCATALOG_COMPILER_APPICON_NAME = AppIcon;
				ASSETCATALOG_COMPILER_GLOBAL_ACCENT_COLOR_NAME = AccentColor;
				CODE_SIGN_STYLE = Automatic;
				CURRENT_PROJECT_VERSION = 1;
				DEVELOPMENT_TEAM = 5828EJ5HNE;
				GENERATE_INFOPLIST_FILE = YES;
				INFOPLIST_FILE = FlickrChallenge/Info.plist;
				INFOPLIST_KEY_UIApplicationSupportsIndirectInputEvents = YES;
				INFOPLIST_KEY_UILaunchStoryboardName = LaunchScreen;
				INFOPLIST_KEY_UIMainStoryboardFile = Main;
				INFOPLIST_KEY_UISupportedInterfaceOrientations_iPad = "UIInterfaceOrientationPortrait UIInterfaceOrientationPortraitUpsideDown UIInterfaceOrientationLandscapeLeft UIInterfaceOrientationLandscapeRight";
				INFOPLIST_KEY_UISupportedInterfaceOrientations_iPhone = "UIInterfaceOrientationPortrait UIInterfaceOrientationLandscapeLeft UIInterfaceOrientationLandscapeRight";
				LD_RUNPATH_SEARCH_PATHS = (
					"$(inherited)",
					"@executable_path/Frameworks",
				);
				MARKETING_VERSION = 1.0;
				PRODUCT_BUNDLE_IDENTIFIER = com.ganesh.FlickrChallenge;
				PRODUCT_NAME = "$(TARGET_NAME)";
				SWIFT_EMIT_LOC_STRINGS = YES;
				SWIFT_VERSION = 5.0;
				TARGETED_DEVICE_FAMILY = "1,2";
			};
			name = Release;
		};
/* End XCBuildConfiguration section */

/* Begin XCConfigurationList section */
		1FAF93292A651F5000BDC861 /* Build configuration list for PBXProject "FlickrChallenge" */ = {
			isa = XCConfigurationList;
			buildConfigurations = (
				1FAF93402A651F5400BDC861 /* Debug */,
				1FAF93412A651F5400BDC861 /* Release */,
			);
			defaultConfigurationIsVisible = 0;
			defaultConfigurationName = Release;
		};
		1FAF93422A651F5400BDC861 /* Build configuration list for PBXNativeTarget "FlickrChallenge" */ = {
			isa = XCConfigurationList;
			buildConfigurations = (
				1FAF93432A651F5400BDC861 /* Debug */,
				1FAF93442A651F5400BDC861 /* Release */,
			);
			defaultConfigurationIsVisible = 0;
			defaultConfigurationName = Release;
		};
/* End XCConfigurationList section */

/* Begin XCRemoteSwiftPackageReference section */
		1F20775C2A654CB800876B92 /* XCRemoteSwiftPackageReference "SDWebImage" */ = {
			isa = XCRemoteSwiftPackageReference;
			repositoryURL = "https://github.com/SDWebImage/SDWebImage";
			requirement = {
				branch = master;
				kind = branch;
			};
		};
		1F2077612A654D1200876B92 /* XCRemoteSwiftPackageReference "SDWebImage" */ = {
			isa = XCRemoteSwiftPackageReference;
			repositoryURL = "https://github.com/SDWebImage/SDWebImage";
			requirement = {
				kind = upToNextMinorVersion;
				minimumVersion = 5.9.0;
			};
		};
/* End XCRemoteSwiftPackageReference section */

/* Begin XCSwiftPackageProductDependency section */
		1F20775D2A654CB800876B92 /* SDWebImage */ = {
			isa = XCSwiftPackageProductDependency;
			package = 1F20775C2A654CB800876B92 /* XCRemoteSwiftPackageReference "SDWebImage" */;
			productName = SDWebImage;
		};
		1F20775F2A654CB800876B92 /* SDWebImageMapKit */ = {
			isa = XCSwiftPackageProductDependency;
			package = 1F20775C2A654CB800876B92 /* XCRemoteSwiftPackageReference "SDWebImage" */;
			productName = SDWebImageMapKit;
		};
		1F2077622A654D1200876B92 /* SDWebImage */ = {
			isa = XCSwiftPackageProductDependency;
			package = 1F2077612A654D1200876B92 /* XCRemoteSwiftPackageReference "SDWebImage" */;
			productName = SDWebImage;
		};
/* End XCSwiftPackageProductDependency section */
	};
	rootObject = 1FAF93262A651F5000BDC861 /* Project object */;
}
